
Microsoft Visual Studio Solution File, Format Version 12.00
# Visual Studio Version 17
VisualStudioVersion = 17.14.36401.2 d17.14
MinimumVisualStudioVersion = 10.0.40219.1
Project("{FAE04EC0-301F-11D3-BF4B-00C04F79EFBC}") = "LojaCelulares", "LojaCelulares.csproj", "{C3AC39EB-5232-4E90-A278-9791BC13E3CB}"
EndProject
Global
	GlobalSection(SolutionConfigurationPlatforms) = preSolution
		Debug|Any CPU = Debug|Any CPU
		Release|Any CPU = Release|Any CPU
	EndGlobalSection
	GlobalSection(ProjectConfigurationPlatforms) = postSolution
		{C3AC39EB-5232-4E90-A278-9791BC13E3CB}.Debug|Any CPU.ActiveCfg = Debug|Any CPU
		{C3AC39EB-5232-4E90-A278-9791BC13E3CB}.Debug|Any CPU.Build.0 = Debug|Any CPU
		{C3AC39EB-5232-4E90-A278-9791BC13E3CB}.Release|Any CPU.ActiveCfg = Release|Any CPU
		{C3AC39EB-5232-4E90-A278-9791BC13E3CB}.Release|Any CPU.Build.0 = Release|Any CPU
	EndGlobalSection
	GlobalSection(SolutionProperties) = preSolution
		HideSolutionNode = FALSE
	EndGlobalSection
	GlobalSection(ExtensibilityGlobals) = postSolution
		SolutionGuid = {486E0F75-AB0F-4E6C-B203-E94F8AED8CB5}
	EndGlobalSection
EndGlobal
